
Microsoft Visual Studio Solution File, Format Version 12.00
# Visual Studio Version 16
VisualStudioVersion = 16.0.30413.136
MinimumVisualStudioVersion = 10.0.40219.1
Project("{FAE04EC0-301F-11D3-BF4B-00C04F79EFBC}") = "Pharmacy", "Pharmacy\Pharmacy.csproj", "{57F7AF19-03D4-495D-992A-3ECE59B81390}"
EndProject
Global
	GlobalSection(SolutionConfigurationPlatforms) = preSolution
		Debug|Any CPU = Debug|Any CPU
		Release|Any CPU = Release|Any CPU
	EndGlobalSection
	GlobalSection(ProjectConfigurationPlatforms) = postSolution
		{57F7AF19-03D4-495D-992A-3ECE59B81390}.Debug|Any CPU.ActiveCfg = Debug|Any CPU
		{57F7AF19-03D4-495D-992A-3ECE59B81390}.Debug|Any CPU.Build.0 = Debug|Any CPU
		{57F7AF19-03D4-495D-992A-3ECE59B81390}.Release|Any CPU.ActiveCfg = Release|Any CPU
		{57F7AF19-03D4-495D-992A-3ECE59B81390}.Release|Any CPU.Build.0 = Release|Any CPU
	EndGlobalSection
	GlobalSection(SolutionProperties) = preSolution
		HideSolutionNode = FALSE
	EndGlobalSection
	GlobalSection(ExtensibilityGlobals) = postSolution
		SolutionGuid = {83BB8D85-E6B3-438D-8551-8F1DA86CB783}
	EndGlobalSection
EndGlobal
